
Microsoft Visual Studio Solution File, Format Version 12.00
# Visual Studio 14
VisualStudioVersion = 14.0.25420.1
MinimumVisualStudioVersion = 10.0.40219.1
Project("{FAE04EC0-301F-11D3-BF4B-00C04F79EFBC}") = "Simple.Units", "Simple.Units\Simple.Units.csproj", "{AEFC0A68-E8CF-453A-A611-645CE9C819DA}"
EndProject
Project("{FAE04EC0-301F-11D3-BF4B-00C04F79EFBC}") = "Simple.Units.Tests", "Simple.Units.Fixtures\Simple.Units.Tests.csproj", "{8BA54635-3640-4EB5-B95A-75E6CD64BCD6}"
EndProject
Project("{2150E333-8FDC-42A3-9474-1A3956D46DE8}") = ".nuget", ".nuget", "{778D0F1E-1A63-4865-B2B3-437F479DB789}"
	ProjectSection(SolutionItems) = preProject
		.nuget\NuGet.Config = .nuget\NuGet.Config
		.nuget\NuGet.exe = .nuget\NuGet.exe
		.nuget\NuGet.targets = .nuget\NuGet.targets
	EndProjectSection
EndProject
Global
	GlobalSection(SolutionConfigurationPlatforms) = preSolution
		Debug|Any CPU = Debug|Any CPU
		Release|Any CPU = Release|Any CPU
	EndGlobalSection
	GlobalSection(ProjectConfigurationPlatforms) = postSolution
		{AEFC0A68-E8CF-453A-A611-645CE9C819DA}.Debug|Any CPU.ActiveCfg = Debug|Any CPU
		{AEFC0A68-E8CF-453A-A611-645CE9C819DA}.Debug|Any CPU.Build.0 = Debug|Any CPU
		{AEFC0A68-E8CF-453A-A611-645CE9C819DA}.Release|Any CPU.ActiveCfg = Release|Any CPU
		{AEFC0A68-E8CF-453A-A611-645CE9C819DA}.Release|Any CPU.Build.0 = Release|Any CPU
		{8BA54635-3640-4EB5-B95A-75E6CD64BCD6}.Debug|Any CPU.ActiveCfg = Debug|Any CPU
		{8BA54635-3640-4EB5-B95A-75E6CD64BCD6}.Debug|Any CPU.Build.0 = Debug|Any CPU
		{8BA54635-3640-4EB5-B95A-75E6CD64BCD6}.Release|Any CPU.ActiveCfg = Release|Any CPU
		{8BA54635-3640-4EB5-B95A-75E6CD64BCD6}.Release|Any CPU.Build.0 = Release|Any CPU
	EndGlobalSection
	GlobalSection(SolutionProperties) = preSolution
		HideSolutionNode = FALSE
	EndGlobalSection
EndGlobal
